// !$*UTF8*$!
{
	archiveVersion = 1;
	classes = {
	};
	objectVersion = 50;
	objects = {

/* Begin PBXBuildFile section */
		959C276F234D94F600D75347 /* AppDelegate.swift in Sources */ = {isa = PBXBuildFile; fileRef = 959C276E234D94F600D75347 /* AppDelegate.swift */; };
		959C2771234D94F600D75347 /* SceneDelegate.swift in Sources */ = {isa = PBXBuildFile; fileRef = 959C2770234D94F600D75347 /* SceneDelegate.swift */; };
		959C2773234D94F600D75347 /* ContentView.swift in Sources */ = {isa = PBXBuildFile; fileRef = 959C2772234D94F600D75347 /* ContentView.swift */; };
		959C2775234D94FA00D75347 /* Assets.xcassets in Resources */ = {isa = PBXBuildFile; fileRef = 959C2774234D94FA00D75347 /* Assets.xcassets */; };
		959C2778234D94FA00D75347 /* Preview Assets.xcassets in Resources */ = {isa = PBXBuildFile; fileRef = 959C2777234D94FA00D75347 /* Preview Assets.xcassets */; };
		959C277B234D94FA00D75347 /* LaunchScreen.storyboard in Resources */ = {isa = PBXBuildFile; fileRef = 959C2779234D94FA00D75347 /* LaunchScreen.storyboard */; };
		959C2786234D94FA00D75347 /* WeSplitTests.swift in Sources */ = {isa = PBXBuildFile; fileRef = 959C2785234D94FA00D75347 /* WeSplitTests.swift */; };
		959C2791234D94FA00D75347 /* WeSplitUITests.swift in Sources */ = {isa = PBXBuildFile; fileRef = 959C2790234D94FA00D75347 /* WeSplitUITests.swift */; };
/* End PBXBuildFile section */

/* Begin PBXContainerItemProxy section */
		959C2782234D94FA00D75347 /* PBXContainerItemProxy */ = {
			isa = PBXContainerItemProxy;
			containerPortal = 959C2763234D94F600D75347 /* Project object */;
			proxyType = 1;
			remoteGlobalIDString = 959C276A234D94F600D75347;
			remoteInfo = WeSplit;
		};
		959C278D234D94FA00D75347 /* PBXContainerItemProxy */ = {
			isa = PBXContainerItemProxy;
			containerPortal = 959C2763234D94F600D75347 /* Project object */;
			proxyType = 1;
			remoteGlobalIDString = 959C276A234D94F600D75347;
			remoteInfo = WeSplit;
		};
/* End PBXContainerItemProxy section */

/* Begin PBXFileReference section */
		959C276B234D94F600D75347 /* WeSplit.app */ = {isa = PBXFileReference; explicitFileType = wrapper.application; includeInIndex = 0; path = WeSplit.app; sourceTree = BUILT_PRODUCTS_DIR; };
		959C276E234D94F600D75347 /* AppDelegate.swift */ = {isa = PBXFileReference; lastKnownFileType = sourcecode.swift; path = AppDelegate.swift; sourceTree = "<group>"; };
		959C2770234D94F600D75347 /* SceneDelegate.swift */ = {isa = PBXFileReference; lastKnownFileType = sourcecode.swift; path = SceneDelegate.swift; sourceTree = "<group>"; };
		959C2772234D94F600D75347 /* ContentView.swift */ = {isa = PBXFileReference; lastKnownFileType = sourcecode.swift; path = ContentView.swift; sourceTree = "<group>"; };
		959C2774234D94FA00D75347 /* Assets.xcassets */ = {isa = PBXFileReference; lastKnownFileType = folder.assetcatalog; path = Assets.xcassets; sourceTree = "<group>"; };
		959C2777234D94FA00D75347 /* Preview Assets.xcassets */ = {isa = PBXFileReference; lastKnownFileType = folder.assetcatalog; path = "Preview Assets.xcassets"; sourceTree = "<group>"; };
		959C277A234D94FA00D75347 /* Base */ = {isa = PBXFileReference; lastKnownFileType = file.storyboard; name = Base; path = Base.lproj/LaunchScreen.storyboard; sourceTree = "<group>"; };
		959C277C234D94FA00D75347 /* Info.plist */ = {isa = PBXFileReference; lastKnownFileType = text.plist.xml; path = Info.plist; sourceTree = "<group>"; };
		959C2781234D94FA00D75347 /* WeSplitTests.xctest */ = {isa = PBXFileReference; explicitFileType = wrapper.cfbundle; includeInIndex = 0; path = WeSplitTests.xctest; sourceTree = BUILT_PRODUCTS_DIR; };
		959C2785234D94FA00D75347 /* WeSplitTests.swift */ = {isa = PBXFileReference; lastKnownFileType = sourcecode.swift; path = WeSplitTests.swift; sourceTree = "<group>"; };
		959C2787234D94FA00D75347 /* Info.plist */ = {isa = PBXFileReference; lastKnownFileType = text.plist.xml; path = Info.plist; sourceTree = "<group>"; };
		959C278C234D94FA00D75347 /* WeSplitUITests.xctest */ = {isa = PBXFileReference; explicitFileType = wrapper.cfbundle; includeInIndex = 0; path = WeSplitUITests.xctest; sourceTree = BUILT_PRODUCTS_DIR; };
		959C2790234D94FA00D75347 /* WeSplitUITests.swift */ = {isa = PBXFileReference; lastKnownFileType = sourcecode.swift; path = WeSplitUITests.swift; sourceTree = "<group>"; };
		959C2792234D94FA00D75347 /* Info.plist */ = {isa = PBXFileReference; lastKnownFileType = text.plist.xml; path = Info.plist; sourceTree = "<group>"; };
/* End PBXFileReference section */

/* Begin PBXFrameworksBuildPhase section */
		959C2768234D94F600D75347 /* Frameworks */ = {
			isa = PBXFrameworksBuildPhase;
			buildActionMask = 2147483647;
			files = (
			);
			runOnlyForDeploymentPostprocessing = 0;
		};
		959C277E234D94FA00D75347 /* Frameworks */ = {
			isa = PBXFrameworksBuildPhase;
			buildActionMask = 2147483647;
			files = (
			);
			runOnlyForDeploymentPostprocessing = 0;
		};
		959C2789234D94FA00D75347 /* Frameworks */ = {
			isa = PBXFrameworksBuildPhase;
			buildActionMask = 2147483647;
			files = (
			);
			runOnlyForDeploymentPostprocessing = 0;
		};
/* End PBXFrameworksBuildPhase section */

/* Begin PBXGroup section */
		959C2762234D94F600D75347 = {
			isa = PBXGroup;
			children = (
				959C276D234D94F600D75347 /* WeSplit */,
				959C2784234D94FA00D75347 /* WeSplitTests */,
				959C278F234D94FA00D75347 /* WeSplitUITests */,
				959C276C234D94F600D75347 /* Products */,
			);
			sourceTree = "<group>";
		};
		959C276C234D94F600D75347 /* Products */ = {
			isa = PBXGroup;
			children = (
				959C276B234D94F600D75347 /* WeSplit.app */,
				959C2781234D94FA00D75347 /* WeSplitTests.xctest */,
				959C278C234D94FA00D75347 /* WeSplitUITests.xctest */,
			);
			name = Products;
			sourceTree = "<group>";
		};
		959C276D234D94F600D75347 /* WeSplit */ = {
			isa = PBXGroup;
			children = (
				959C276E234D94F600D75347 /* AppDelegate.swift */,
				959C2770234D94F600D75347 /* SceneDelegate.swift */,
				959C2772234D94F600D75347 /* ContentView.swift */,
				959C2774234D94FA00D75347 /* Assets.xcassets */,
				959C2779234D94FA00D75347 /* LaunchScreen.storyboard */,
				959C277C234D94FA00D75347 /* Info.plist */,
				959C2776234D94FA00D75347 /* Preview Content */,
			);
			path = WeSplit;
			sourceTree = "<group>";
		};
		959C2776234D94FA00D75347 /* Preview Content */ = {
			isa = PBXGroup;
			children = (
				959C2777234D94FA00D75347 /* Preview Assets.xcassets */,
			);
			path = "Preview Content";
			sourceTree = "<group>";
		};
		959C2784234D94FA00D75347 /* WeSplitTests */ = {
			isa = PBXGroup;
			children = (
				959C2785234D94FA00D75347 /* WeSplitTests.swift */,
				959C2787234D94FA00D75347 /* Info.plist */,
			);
			path = WeSplitTests;
			sourceTree = "<group>";
		};
		959C278F234D94FA00D75347 /* WeSplitUITests */ = {
			isa = PBXGroup;
			children = (
				959C2790234D94FA00D75347 /* WeSplitUITests.swift */,
				959C2792234D94FA00D75347 /* Info.plist */,
			);
			path = WeSplitUITests;
			sourceTree = "<group>";
		};
/* End PBXGroup section */

/* Begin PBXNativeTarget section */
		959C276A234D94F600D75347 /* WeSplit */ = {
			isa = PBXNativeTarget;
			buildConfigurationList = 959C2795234D94FA00D75347 /* Build configuration list for PBXNativeTarget "WeSplit" */;
			buildPhases = (
				959C2767234D94F600D75347 /* Sources */,
				959C2768234D94F600D75347 /* Frameworks */,
				959C2769234D94F600D75347 /* Resources */,
			);
			buildRules = (
			);
			dependencies = (
			);
			name = WeSplit;
			productName = WeSplit;
			productReference = 959C276B234D94F600D75347 /* WeSplit.app */;
			productType = "com.apple.product-type.application";
		};
		959C2780234D94FA00D75347 /* WeSplitTests */ = {
			isa = PBXNativeTarget;
			buildConfigurationList = 959C2798234D94FA00D75347 /* Build configuration list for PBXNativeTarget "WeSplitTests" */;
			buildPhases = (
				959C277D234D94FA00D75347 /* Sources */,
				959C277E234D94FA00D75347 /* Frameworks */,
				959C277F234D94FA00D75347 /* Resources */,
			);
			buildRules = (
			);
			dependencies = (
				959C2783234D94FA00D75347 /* PBXTargetDependency */,
			);
			name = WeSplitTests;
			productName = WeSplitTests;
			productReference = 959C2781234D94FA00D75347 /* WeSplitTests.xctest */;
			productType = "com.apple.product-type.bundle.unit-test";
		};
		959C278B234D94FA00D75347 /* WeSplitUITests */ = {
			isa = PBXNativeTarget;
			buildConfigurationList = 959C279B234D94FA00D75347 /* Build configuration list for PBXNativeTarget "WeSplitUITests" */;
			buildPhases = (
				959C2788234D94FA00D75347 /* Sources */,
				959C2789234D94FA00D75347 /* Frameworks */,
				959C278A234D94FA00D75347 /* Resources */,
			);
			buildRules = (
			);
			dependencies = (
				959C278E234D94FA00D75347 /* PBXTargetDependency */,
			);
			name = WeSplitUITests;
			productName = WeSplitUITests;
			productReference = 959C278C234D94FA00D75347 /* WeSplitUITests.xctest */;
			productType = "com.apple.product-type.bundle.ui-testing";
		};
/* End PBXNativeTarget section */

/* Begin PBXProject section */
		959C2763234D94F600D75347 /* Project object */ = {
			isa = PBXProject;
			attributes = {
				LastSwiftUpdateCheck = 1100;
				LastUpgradeCheck = 1100;
				ORGANIZATIONNAME = "Dennis Dang";
				TargetAttributes = {
					959C276A234D94F600D75347 = {
						CreatedOnToolsVersion = 11.0;
					};
					959C2780234D94FA00D75347 = {
						CreatedOnToolsVersion = 11.0;
						TestTargetID = 959C276A234D94F600D75347;
					};
					959C278B234D94FA00D75347 = {
						CreatedOnToolsVersion = 11.0;
						TestTargetID = 959C276A234D94F600D75347;
					};
				};
			};
			buildConfigurationList = 959C2766234D94F600D75347 /* Build configuration list for PBXProject "WeSplit" */;
			compatibilityVersion = "Xcode 9.3";
			developmentRegion = en;
			hasScannedForEncodings = 0;
			knownRegions = (
				en,
				Base,
			);
			mainGroup = 959C2762234D94F600D75347;
			productRefGroup = 959C276C234D94F600D75347 /* Products */;
			projectDirPath = "";
			projectRoot = "";
			targets = (
				959C276A234D94F600D75347 /* WeSplit */,
				959C2780234D94FA00D75347 /* WeSplitTests */,
				959C278B234D94FA00D75347 /* WeSplitUITests */,
			);
		};
/* End PBXProject section */

/* Begin PBXResourcesBuildPhase section */
		959C2769234D94F600D75347 /* Resources */ = {
			isa = PBXResourcesBuildPhase;
			buildActionMask = 2147483647;
			files = (
				959C277B234D94FA00D75347 /* LaunchScreen.storyboard in Resources */,
				959C2778234D94FA00D75347 /* Preview Assets.xcassets in Resources */,
				959C2775234D94FA00D75347 /* Assets.xcassets in Resources */,
			);
			runOnlyForDeploymentPostprocessing = 0;
		};
		959C277F234D94FA00D75347 /* Resources */ = {
			isa = PBXResourcesBuildPhase;
			buildActionMask = 2147483647;
			files = (
			);
			runOnlyForDeploymentPostprocessing = 0;
		};
		959C278A234D94FA00D75347 /* Resources */ = {
			isa = PBXResourcesBuildPhase;
			buildActionMask = 2147483647;
			files = (
			);
			runOnlyForDeploymentPostprocessing = 0;
		};
/* End PBXResourcesBuildPhase section */

/* Begin PBXSourcesBuildPhase section */
		959C2767234D94F600D75347 /* Sources */ = {
			isa = PBXSourcesBuildPhase;
			buildActionMask = 2147483647;
			files = (
				959C276F234D94F600D75347 /* AppDelegate.swift in Sources */,
				959C2771234D94F600D75347 /* SceneDelegate.swift in Sources */,
				959C2773234D94F600D75347 /* ContentView.swift in Sources */,
			);
			runOnlyForDeploymentPostprocessing = 0;
		};
		959C277D234D94FA00D75347 /* Sources */ = {
			isa = PBXSourcesBuildPhase;
			buildActionMask = 2147483647;
			files = (
				959C2786234D94FA00D75347 /* WeSplitTests.swift in Sources */,
			);
			runOnlyForDeploymentPostprocessing = 0;
		};
		959C2788234D94FA00D75347 /* Sources */ = {
			isa = PBXSourcesBuildPhase;
			buildActionMask = 2147483647;
			files = (
				959C2791234D94FA00D75347 /* WeSplitUITests.swift in Sources */,
			);
			runOnlyForDeploymentPostprocessing = 0;
		};
/* End PBXSourcesBuildPhase section */

/* Begin PBXTargetDependency section */
		959C2783234D94FA00D75347 /* PBXTargetDependency */ = {
			isa = PBXTargetDependency;
			target = 959C276A234D94F600D75347 /* WeSplit */;
			targetProxy = 959C2782234D94FA00D75347 /* PBXContainerItemProxy */;
		};
		959C278E234D94FA00D75347 /* PBXTargetDependency */ = {
			isa = PBXTargetDependency;
			target = 959C276A234D94F600D75347 /* WeSplit */;
			targetProxy = 959C278D234D94FA00D75347 /* PBXContainerItemProxy */;
		};
/* End PBXTargetDependency section */

/* Begin PBXVariantGroup section */
		959C2779234D94FA00D75347 /* LaunchScreen.storyboard */ = {
			isa = PBXVariantGroup;
			children = (
				959C277A234D94FA00D75347 /* Base */,
			);
			name = LaunchScreen.storyboard;
			sourceTree = "<group>";
		};
/* End PBXVariantGroup section */

/* Begin XCBuildConfiguration section */
		959C2793234D94FA00D75347 /* Debug */ = {
			isa = XCBuildConfiguration;
			buildSettings = {
				ALWAYS_SEARCH_USER_PATHS = NO;
				CLANG_ANALYZER_NONNULL = YES;
				CLANG_ANALYZER_NUMBER_OBJECT_CONVERSION = YES_AGGRESSIVE;
				CLANG_CXX_LANGUAGE_STANDARD = "gnu++14";
				CLANG_CXX_LIBRARY = "libc++";
				CLANG_ENABLE_MODULES = YES;
				CLANG_ENABLE_OBJC_ARC = YES;
				CLANG_ENABLE_OBJC_WEAK = YES;
				CLANG_WARN_BLOCK_CAPTURE_AUTORELEASING = YES;
				CLANG_WARN_BOOL_CONVERSION = YES;
				CLANG_WARN_COMMA = YES;
				CLANG_WARN_CONSTANT_CONVERSION = YES;
				CLANG_WARN_DEPRECATED_OBJC_IMPLEMENTATIONS = YES;
				CLANG_WARN_DIRECT_OBJC_ISA_USAGE = YES_ERROR;
				CLANG_WARN_DOCUMENTATION_COMMENTS = YES;
				CLANG_WARN_EMPTY_BODY = YES;
				CLANG_WARN_ENUM_CONVERSION = YES;
				CLANG_WARN_INFINITE_RECURSION = YES;
				CLANG_WARN_INT_CONVERSION = YES;
				CLANG_WARN_NON_LITERAL_NULL_CONVERSION = YES;
				CLANG_WARN_OBJC_IMPLICIT_RETAIN_SELF = YES;
				CLANG_WARN_OBJC_LITERAL_CONVERSION = YES;
				CLANG_WARN_OBJC_ROOT_CLASS = YES_ERROR;
				CLANG_WARN_RANGE_LOOP_ANALYSIS = YES;
				CLANG_WARN_STRICT_PROTOTYPES = YES;
				CLANG_WARN_SUSPICIOUS_MOVE = YES;
				CLANG_WARN_UNGUARDED_AVAILABILITY = YES_AGGRESSIVE;
				CLANG_WARN_UNREACHABLE_CODE = YES;
				CLANG_WARN__DUPLICATE_METHOD_MATCH = YES;
				COPY_PHASE_STRIP = NO;
				DEBUG_INFORMATION_FORMAT = dwarf;
				ENABLE_STRICT_OBJC_MSGSEND = YES;
				ENABLE_TESTABILITY = YES;
				GCC_C_LANGUAGE_STANDARD = gnu11;
				GCC_DYNAMIC_NO_PIC = NO;
				GCC_NO_COMMON_BLOCKS = YES;
				GCC_OPTIMIZATION_LEVEL = 0;
				GCC_PREPROCESSOR_DEFINITIONS = (
					"DEBUG=1",
					"$(inherited)",
				);
				GCC_WARN_64_TO_32_BIT_CONVERSION = YES;
				GCC_WARN_ABOUT_RETURN_TYPE = YES_ERROR;
				GCC_WARN_UNDECLARED_SELECTOR = YES;
				GCC_WARN_UNINITIALIZED_AUTOS = YES_AGGRESSIVE;
				GCC_WARN_UNUSED_FUNCTION = YES;
				GCC_WARN_UNUSED_VARIABLE = YES;
				IPHONEOS_DEPLOYMENT_TARGET = 13.0;
				MTL_ENABLE_DEBUG_INFO = INCLUDE_SOURCE;
				MTL_FAST_MATH = YES;
				ONLY_ACTIVE_ARCH = YES;
				SDKROOT = iphoneos;
				SWIFT_ACTIVE_COMPILATION_CONDITIONS = DEBUG;
				SWIFT_OPTIMIZATION_LEVEL = "-Onone";
			};
			name = Debug;
		};
		959C2794234D94FA00D75347 /* Release */ = {
			isa = XCBuildConfiguration;
			buildSettings = {
				ALWAYS_SEARCH_USER_PATHS = NO;
				CLANG_ANALYZER_NONNULL = YES;
				CLANG_ANALYZER_NUMBER_OBJECT_CONVERSION = YES_AGGRESSIVE;
				CLANG_CXX_LANGUAGE_STANDARD = "gnu++14";
				CLANG_CXX_LIBRARY = "libc++";
				CLANG_ENABLE_MODULES = YES;
				CLANG_ENABLE_OBJC_ARC = YES;
				CLANG_ENABLE_OBJC_WEAK = YES;
				CLANG_WARN_BLOCK_CAPTURE_AUTORELEASING = YES;
				CLANG_WARN_BOOL_CONVERSION = YES;
				CLANG_WARN_COMMA = YES;
				CLANG_WARN_CONSTANT_CONVERSION = YES;
				CLANG_WARN_DEPRECATED_OBJC_IMPLEMENTATIONS = YES;
				CLANG_WARN_DIRECT_OBJC_ISA_USAGE = YES_ERROR;
				CLANG_WARN_DOCUMENTATION_COMMENTS = YES;
				CLANG_WARN_EMPTY_BODY = YES;
				CLANG_WARN_ENUM_CONVERSION = YES;
				CLANG_WARN_INFINITE_RECURSION = YES;
				CLANG_WARN_INT_CONVERSION = YES;
				CLANG_WARN_NON_LITERAL_NULL_CONVERSION = YES;
				CLANG_WARN_OBJC_IMPLICIT_RETAIN_SELF = YES;
				CLANG_WARN_OBJC_LITERAL_CONVERSION = YES;
				CLANG_WARN_OBJC_ROOT_CLASS = YES_ERROR;
				CLANG_WARN_RANGE_LOOP_ANALYSIS = YES;
				CLANG_WARN_STRICT_PROTOTYPES = YES;
				CLANG_WARN_SUSPICIOUS_MOVE = YES;
				CLANG_WARN_UNGUARDED_AVAILABILITY = YES_AGGRESSIVE;
				CLANG_WARN_UNREACHABLE_CODE = YES;
				CLANG_WARN__DUPLICATE_METHOD_MATCH = YES;
				COPY_PHASE_STRIP = NO;
				DEBUG_INFORMATION_FORMAT = "dwarf-with-dsym";
				ENABLE_NS_ASSERTIONS = NO;
				ENABLE_STRICT_OBJC_MSGSEND = YES;
				GCC_C_LANGUAGE_STANDARD = gnu11;
				GCC_NO_COMMON_BLOCKS = YES;
				GCC_WARN_64_TO_32_BIT_CONVERSION = YES;
				GCC_WARN_ABOUT_RETURN_TYPE = YES_ERROR;
				GCC_WARN_UNDECLARED_SELECTOR = YES;
				GCC_WARN_UNINITIALIZED_AUTOS = YES_AGGRESSIVE;
				GCC_WARN_UNUSED_FUNCTION = YES;
				GCC_WARN_UNUSED_VARIABLE = YES;
				IPHONEOS_DEPLOYMENT_TARGET = 13.0;
				MTL_ENABLE_DEBUG_INFO = NO;
				MTL_FAST_MATH = YES;
				SDKROOT = iphoneos;
				SWIFT_COMPILATION_MODE = wholemodule;
				SWIFT_OPTIMIZATION_LEVEL = "-O";
				VALIDATE_PRODUCT = YES;
			};
			name = Release;
		};
		959C2796234D94FA00D75347 /* Debug */ = {
			isa = XCBuildConfiguration;
			buildSettings = {
				ASSETCATALOG_COMPILER_APPICON_NAME = AppIcon;
				CODE_SIGN_STYLE = Automatic;
				DEVELOPMENT_ASSET_PATHS = "\"WeSplit/Preview Content\"";
				ENABLE_PREVIEWS = YES;
				INFOPLIST_FILE = WeSplit/Info.plist;
				LD_RUNPATH_SEARCH_PATHS = (
					"$(inherited)",
					"@executable_path/Frameworks",
				);
				PRODUCT_BUNDLE_IDENTIFIER = com.dangdennis.WeSplit;
				PRODUCT_NAME = "$(TARGET_NAME)";
				SWIFT_VERSION = 5.0;
				TARGETED_DEVICE_FAMILY = "1,2";
			};
			name = Debug;
		};
		959C2797234D94FA00D75347 /* Release */ = {
			isa = XCBuildConfiguration;
			buildSettings = {
				ASSETCATALOG_COMPILER_APPICON_NAME = AppIcon;
				CODE_SIGN_STYLE = Automatic;
				DEVELOPMENT_ASSET_PATHS = "\"WeSplit/Preview Content\"";
				ENABLE_PREVIEWS = YES;
				INFOPLIST_FILE = WeSplit/Info.plist;
				LD_RUNPATH_SEARCH_PATHS = (
					"$(inherited)",
					"@executable_path/Frameworks",
				);
				PRODUCT_BUNDLE_IDENTIFIER = com.dangdennis.WeSplit;
				PRODUCT_NAME = "$(TARGET_NAME)";
				SWIFT_VERSION = 5.0;
				TARGETED_DEVICE_FAMILY = "1,2";
			};
			name = Release;
		};
		959C2799234D94FA00D75347 /* Debug */ = {
			isa = XCBuildConfiguration;
			buildSettings = {
				ALWAYS_EMBED_SWIFT_STANDARD_LIBRARIES = YES;
				BUNDLE_LOADER = "$(TEST_HOST)";
				CODE_SIGN_STYLE = Automatic;
				INFOPLIST_FILE = WeSplitTests/Info.plist;
				IPHONEOS_DEPLOYMENT_TARGET = 13.0;
				LD_RUNPATH_SEARCH_PATHS = (
					"$(inherited)",
					"@executable_path/Frameworks",
					"@loader_path/Frameworks",
				);
				PRODUCT_BUNDLE_IDENTIFIER = com.dangdennis.WeSplitTests;
				PRODUCT_NAME = "$(TARGET_NAME)";
				SWIFT_VERSION = 5.0;
				TARGETED_DEVICE_FAMILY = "1,2";
				TEST_HOST = "$(BUILT_PRODUCTS_DIR)/WeSplit.app/WeSplit";
			};
			name = Debug;
		};
		959C279A234D94FA00D75347 /* Release */ = {
			isa = XCBuildConfiguration;
			buildSettings = {
				ALWAYS_EMBED_SWIFT_STANDARD_LIBRARIES = YES;
				BUNDLE_LOADER = "$(TEST_HOST)";
				CODE_SIGN_STYLE = Automatic;
				INFOPLIST_FILE = WeSplitTests/Info.plist;
				IPHONEOS_DEPLOYMENT_TARGET = 13.0;
				LD_RUNPATH_SEARCH_PATHS = (
					"$(inherited)",
					"@executable_path/Frameworks",
					"@loader_path/Frameworks",
				);
				PRODUCT_BUNDLE_IDENTIFIER = com.dangdennis.WeSplitTests;
				PRODUCT_NAME = "$(TARGET_NAME)";
				SWIFT_VERSION = 5.0;
				TARGETED_DEVICE_FAMILY = "1,2";
				TEST_HOST = "$(BUILT_PRODUCTS_DIR)/WeSplit.app/WeSplit";
			};
			name = Release;
		};
		959C279C234D94FA00D75347 /* Debug */ = {
			isa = XCBuildConfiguration;
			buildSettings = {
				ALWAYS_EMBED_SWIFT_STANDARD_LIBRARIES = YES;
				CODE_SIGN_STYLE = Automatic;
				INFOPLIST_FILE = WeSplitUITests/Info.plist;
				LD_RUNPATH_SEARCH_PATHS = (
					"$(inherited)",
					"@executable_path/Frameworks",
					"@loader_path/Frameworks",
				);
				PRODUCT_BUNDLE_IDENTIFIER = com.dangdennis.WeSplitUITests;
				PRODUCT_NAME = "$(TARGET_NAME)";
				SWIFT_VERSION = 5.0;
				TARGETED_DEVICE_FAMILY = "1,2";
				TEST_TARGET_NAME = WeSplit;
			};
			name = Debug;
		};
		959C279D234D94FA00D75347 /* Release */ = {
			isa = XCBuildConfiguration;
			buildSettings = {
				ALWAYS_EMBED_SWIFT_STANDARD_LIBRARIES = YES;
				CODE_SIGN_STYLE = Automatic;
				INFOPLIST_FILE = WeSplitUITests/Info.plist;
				LD_RUNPATH_SEARCH_PATHS = (
					"$(inherited)",
					"@executable_path/Frameworks",
					"@loader_path/Frameworks",
				);
				PRODUCT_BUNDLE_IDENTIFIER = com.dangdennis.WeSplitUITests;
				PRODUCT_NAME = "$(TARGET_NAME)";
				SWIFT_VERSION = 5.0;
				TARGETED_DEVICE_FAMILY = "1,2";
				TEST_TARGET_NAME = WeSplit;
			};
			name = Release;
		};
/* End XCBuildConfiguration section */

/* Begin XCConfigurationList section */
		959C2766234D94F600D75347 /* Build configuration list for PBXProject "WeSplit" */ = {
			isa = XCConfigurationList;
			buildConfigurations = (
				959C2793234D94FA00D75347 /* Debug */,
				959C2794234D94FA00D75347 /* Release */,
			);
			defaultConfigurationIsVisible = 0;
			defaultConfigurationName = Release;
		};
		959C2795234D94FA00D75347 /* Build configuration list for PBXNativeTarget "WeSplit" */ = {
			isa = XCConfigurationList;
			buildConfigurations = (
				959C2796234D94FA00D75347 /* Debug */,
				959C2797234D94FA00D75347 /* Release */,
			);
			defaultConfigurationIsVisible = 0;
			defaultConfigurationName = Release;
		};
		959C2798234D94FA00D75347 /* Build configuration list for PBXNativeTarget "WeSplitTests" */ = {
			isa = XCConfigurationList;
			buildConfigurations = (
				959C2799234D94FA00D75347 /* Debug */,
				959C279A234D94FA00D75347 /* Release */,
			);
			defaultConfigurationIsVisible = 0;
			defaultConfigurationName = Release;
		};
		959C279B234D94FA00D75347 /* Build configuration list for PBXNativeTarget "WeSplitUITests" */ = {
			isa = XCConfigurationList;
			buildConfigurations = (
				959C279C234D94FA00D75347 /* Debug */,
				959C279D234D94FA00D75347 /* Release */,
			);
			defaultConfigurationIsVisible = 0;
			defaultConfigurationName = Release;
		};
/* End XCConfigurationList section */
	};
	rootObject = 959C2763234D94F600D75347 /* Project object */;
}
